
Microsoft Visual Studio Solution File, Format Version 12.00
# Visual Studio Version 18
VisualStudioVersion = 18.1.11312.151
MinimumVisualStudioVersion = 10.0.40219.1
Project("{2150E333-8FDC-42A3-9474-1A3956D46DE8}") = "Services", "Services", "{E41F8AE4-287C-48D1-BC44-D012C42B12EE}"
EndProject
Project("{2150E333-8FDC-42A3-9474-1A3956D46DE8}") = "Discount", "Discount", "{1C62364B-4307-4E91-AFCF-3263E22EA881}"
EndProject
Project("{2150E333-8FDC-42A3-9474-1A3956D46DE8}") = "Order", "Order", "{3E92D07E-67F7-4795-BE52-FCA12FDA47CF}"
EndProject
Project("{2150E333-8FDC-42A3-9474-1A3956D46DE8}") = "Core", "Core", "{913201A8-546D-40C5-978F-9D51272A3921}"
EndProject
Project("{2150E333-8FDC-42A3-9474-1A3956D46DE8}") = "Infrastructure", "Infrastructure", "{E097F6EC-319D-48D8-86F8-DF6202C4DA1D}"
EndProject
Project("{2150E333-8FDC-42A3-9474-1A3956D46DE8}") = "Presentation", "Presentation", "{BA03E516-122D-42EA-B234-F7C8D3222FF2}"
EndProject
Project("{9A19103F-16F7-4668-BE54-9A1E7A4F7556}") = "AuraShop.Order.Domain", "Services\Order\Core\AuraShop.Order.Domain\AuraShop.Order.Domain.csproj", "{942E19BA-8C58-418A-AC97-C94E8DC1F131}"
EndProject
Project("{9A19103F-16F7-4668-BE54-9A1E7A4F7556}") = "AuraShop.Order.Infrastructure", "Services\Order\Infrastructure\AuraShop.Order.Infrastructure\AuraShop.Order.Infrastructure.csproj", "{C0D26272-F9A7-4FAA-959C-5C2AB254F73B}"
EndProject
Project("{9A19103F-16F7-4668-BE54-9A1E7A4F7556}") = "AuraShop.Order.Persistence", "Services\Order\Infrastructure\AuraShop.Order.Persistence\AuraShop.Order.Persistence.csproj", "{33CDA698-5BFD-4E89-ACF4-64483D4BB9C2}"
EndProject
Project("{9A19103F-16F7-4668-BE54-9A1E7A4F7556}") = "AuraShop.Order.API", "Services\Order\Presentation\AuraShop.Order.WebApi\AuraShop.Order.API.csproj", "{8F280AF0-70ED-41A7-8563-4BA5073B6181}"
EndProject
Project("{2150E333-8FDC-42A3-9474-1A3956D46DE8}") = "Shared", "Shared", "{02EA681E-C7D8-13C7-8484-4AC65E1B71E8}"
EndProject
Project("{FAE04EC0-301F-11D3-BF4B-00C04F79EFBC}") = "AuraShop.Shared", "Shared\AuraShop.Shared\AuraShop.Shared.csproj", "{EF9B39DE-AD8A-838A-EDAA-35C8977A7EE6}"
EndProject
Project("{2150E333-8FDC-42A3-9474-1A3956D46DE8}") = "File", "File", "{4EC1144E-CD29-42DB-865C-53546C2D5E52}"
EndProject
Project("{FAE04EC0-301F-11D3-BF4B-00C04F79EFBC}") = "AuraShop.File", "Services\File\AuraShop.File\AuraShop.File.csproj", "{EA8254C9-77FB-4D80-BD62-9ECB8DEEF1FD}"
EndProject
Project("{FAE04EC0-301F-11D3-BF4B-00C04F79EFBC}") = "AuraShop.Order.Application", "Services\Order\Core\AuraShop.Order.Application\AuraShop.Order.Application\AuraShop.Order.Application.csproj", "{96241DC8-4349-4F08-8BB7-C8F546005ED7}"
EndProject
Project("{2150E333-8FDC-42A3-9474-1A3956D46DE8}") = "Gateway", "Gateway", "{CC4BBCC9-CDFE-4123-A44E-36215E3DD5D2}"
EndProject
Project("{FAE04EC0-301F-11D3-BF4B-00C04F79EFBC}") = "AuraShop.Gateway", "Gateway\AuraShop.Gateway\AuraShop.Gateway.csproj", "{B8ED569F-5C0F-46BB-AFDC-8C75D39244F9}"
EndProject
Project("{2150E333-8FDC-42A3-9474-1A3956D46DE8}") = "Payment", "Payment", "{99387F58-9EF4-41D9-9652-F3F6E4366498}"
EndProject
Project("{FAE04EC0-301F-11D3-BF4B-00C04F79EFBC}") = "AuraShop.Payment", "Services\Payment\AuraShop.Payment\AuraShop.Payment.csproj", "{2360D3D2-9149-47DC-9AC2-05B089AE48DC}"
EndProject
Project("{2150E333-8FDC-42A3-9474-1A3956D46DE8}") = "Basket", "Basket", "{120DFDBE-7243-41C9-AFBA-38B216863778}"
EndProject
Project("{FAE04EC0-301F-11D3-BF4B-00C04F79EFBC}") = "AuraShop.Basket", "Services\Basket\AuraShop.Basket\AuraShop.Basket.csproj", "{B4C8A166-A9EE-4162-A1B5-0BD007D457D7}"
EndProject
Project("{2150E333-8FDC-42A3-9474-1A3956D46DE8}") = "Catalog", "Catalog", "{F957D20E-7581-4B26-A257-D8987B84C98C}"
EndProject
Project("{FAE04EC0-301F-11D3-BF4B-00C04F79EFBC}") = "AuraShop.Catalog", "Services\Catalog\AuraShop.Catalog\AuraShop.Catalog.csproj", "{A2E2A168-10DB-B4AE-6DFD-E77E57CD005B}"
EndProject
Project("{FAE04EC0-301F-11D3-BF4B-00C04F79EFBC}") = "AuraShop.Discount", "Services\Discount\AuraShop.Discount\AuraShop.Discount.csproj", "{2F53B5F9-20A7-A44C-888C-916DACD995FE}"
EndProject
Project("{E53339B2-1760-4266-BCC7-CA923CBCF16C}") = "docker-compose", "docker-compose.dcproj", "{81DDED9D-158B-E303-5F62-77A2896D2A5A}"
EndProject
Project("{FAE04EC0-301F-11D3-BF4B-00C04F79EFBC}") = "AuraShop.Bus", "Shared\AuraShop.Bus\AuraShop.Bus.csproj", "{DF2348F5-3C6A-4428-878B-C3BB330C557E}"
EndProject
Project("{2150E333-8FDC-42A3-9474-1A3956D46DE8}") = "Solution Items", "Solution Items", "{0DA286A6-6798-45AF-BFDC-372432BBAB9C}"
	ProjectSection(SolutionItems) = preProject
		CLAUDE.md = CLAUDE.md
	EndProjectSection
EndProject
Global
	GlobalSection(SolutionConfigurationPlatforms) = preSolution
		Debug|Any CPU = Debug|Any CPU
		Release|Any CPU = Release|Any CPU
	EndGlobalSection
	GlobalSection(ProjectConfigurationPlatforms) = postSolution
		{942E19BA-8C58-418A-AC97-C94E8DC1F131}.Debug|Any CPU.ActiveCfg = Debug|Any CPU
		{942E19BA-8C58-418A-AC97-C94E8DC1F131}.Debug|Any CPU.Build.0 = Debug|Any CPU
		{942E19BA-8C58-418A-AC97-C94E8DC1F131}.Release|Any CPU.ActiveCfg = Release|Any CPU
		{942E19BA-8C58-418A-AC97-C94E8DC1F131}.Release|Any CPU.Build.0 = Release|Any CPU
		{C0D26272-F9A7-4FAA-959C-5C2AB254F73B}.Debug|Any CPU.ActiveCfg = Debug|Any CPU
		{C0D26272-F9A7-4FAA-959C-5C2AB254F73B}.Debug|Any CPU.Build.0 = Debug|Any CPU
		{C0D26272-F9A7-4FAA-959C-5C2AB254F73B}.Release|Any CPU.ActiveCfg = Release|Any CPU
		{C0D26272-F9A7-4FAA-959C-5C2AB254F73B}.Release|Any CPU.Build.0 = Release|Any CPU
		{33CDA698-5BFD-4E89-ACF4-64483D4BB9C2}.Debug|Any CPU.ActiveCfg = Debug|Any CPU
		{33CDA698-5BFD-4E89-ACF4-64483D4BB9C2}.Debug|Any CPU.Build.0 = Debug|Any CPU
		{33CDA698-5BFD-4E89-ACF4-64483D4BB9C2}.Release|Any CPU.ActiveCfg = Release|Any CPU
		{33CDA698-5BFD-4E89-ACF4-64483D4BB9C2}.Release|Any CPU.Build.0 = Release|Any CPU
		{8F280AF0-70ED-41A7-8563-4BA5073B6181}.Debug|Any CPU.ActiveCfg = Debug|Any CPU
		{8F280AF0-70ED-41A7-8563-4BA5073B6181}.Debug|Any CPU.Build.0 = Debug|Any CPU
		{8F280AF0-70ED-41A7-8563-4BA5073B6181}.Release|Any CPU.ActiveCfg = Release|Any CPU
		{8F280AF0-70ED-41A7-8563-4BA5073B6181}.Release|Any CPU.Build.0 = Release|Any CPU
		{EF9B39DE-AD8A-838A-EDAA-35C8977A7EE6}.Debug|Any CPU.ActiveCfg = Debug|Any CPU
		{EF9B39DE-AD8A-838A-EDAA-35C8977A7EE6}.Debug|Any CPU.Build.0 = Debug|Any CPU
		{EF9B39DE-AD8A-838A-EDAA-35C8977A7EE6}.Release|Any CPU.ActiveCfg = Release|Any CPU
		{EF9B39DE-AD8A-838A-EDAA-35C8977A7EE6}.Release|Any CPU.Build.0 = Release|Any CPU
		{EA8254C9-77FB-4D80-BD62-9ECB8DEEF1FD}.Debug|Any CPU.ActiveCfg = Debug|Any CPU
		{EA8254C9-77FB-4D80-BD62-9ECB8DEEF1FD}.Debug|Any CPU.Build.0 = Debug|Any CPU
		{EA8254C9-77FB-4D80-BD62-9ECB8DEEF1FD}.Release|Any CPU.ActiveCfg = Release|Any CPU
		{EA8254C9-77FB-4D80-BD62-9ECB8DEEF1FD}.Release|Any CPU.Build.0 = Release|Any CPU
		{96241DC8-4349-4F08-8BB7-C8F546005ED7}.Debug|Any CPU.ActiveCfg = Debug|Any CPU
		{96241DC8-4349-4F08-8BB7-C8F546005ED7}.Debug|Any CPU.Build.0 = Debug|Any CPU
		{96241DC8-4349-4F08-8BB7-C8F546005ED7}.Release|Any CPU.ActiveCfg = Release|Any CPU
		{96241DC8-4349-4F08-8BB7-C8F546005ED7}.Release|Any CPU.Build.0 = Release|Any CPU
		{B8ED569F-5C0F-46BB-AFDC-8C75D39244F9}.Debug|Any CPU.ActiveCfg = Debug|Any CPU
		{B8ED569F-5C0F-46BB-AFDC-8C75D39244F9}.Debug|Any CPU.Build.0 = Debug|Any CPU
		{B8ED569F-5C0F-46BB-AFDC-8C75D39244F9}.Release|Any CPU.ActiveCfg = Release|Any CPU
		{B8ED569F-5C0F-46BB-AFDC-8C75D39244F9}.Release|Any CPU.Build.0 = Release|Any CPU
		{2360D3D2-9149-47DC-9AC2-05B089AE48DC}.Debug|Any CPU.ActiveCfg = Debug|Any CPU
		{2360D3D2-9149-47DC-9AC2-05B089AE48DC}.Debug|Any CPU.Build.0 = Debug|Any CPU
		{2360D3D2-9149-47DC-9AC2-05B089AE48DC}.Release|Any CPU.ActiveCfg = Release|Any CPU
		{2360D3D2-9149-47DC-9AC2-05B089AE48DC}.Release|Any CPU.Build.0 = Release|Any CPU
		{B4C8A166-A9EE-4162-A1B5-0BD007D457D7}.Debug|Any CPU.ActiveCfg = Debug|Any CPU
		{B4C8A166-A9EE-4162-A1B5-0BD007D457D7}.Debug|Any CPU.Build.0 = Debug|Any CPU
		{B4C8A166-A9EE-4162-A1B5-0BD007D457D7}.Release|Any CPU.ActiveCfg = Release|Any CPU
		{B4C8A166-A9EE-4162-A1B5-0BD007D457D7}.Release|Any CPU.Build.0 = Release|Any CPU
		{A2E2A168-10DB-B4AE-6DFD-E77E57CD005B}.Debug|Any CPU.ActiveCfg = Debug|Any CPU
		{A2E2A168-10DB-B4AE-6DFD-E77E57CD005B}.Debug|Any CPU.Build.0 = Debug|Any CPU
		{A2E2A168-10DB-B4AE-6DFD-E77E57CD005B}.Release|Any CPU.ActiveCfg = Release|Any CPU
		{A2E2A168-10DB-B4AE-6DFD-E77E57CD005B}.Release|Any CPU.Build.0 = Release|Any CPU
		{2F53B5F9-20A7-A44C-888C-916DACD995FE}.Debug|Any CPU.ActiveCfg = Debug|Any CPU
		{2F53B5F9-20A7-A44C-888C-916DACD995FE}.Debug|Any CPU.Build.0 = Debug|Any CPU
		{2F53B5F9-20A7-A44C-888C-916DACD995FE}.Release|Any CPU.ActiveCfg = Release|Any CPU
		{2F53B5F9-20A7-A44C-888C-916DACD995FE}.Release|Any CPU.Build.0 = Release|Any CPU
		{81DDED9D-158B-E303-5F62-77A2896D2A5A}.Debug|Any CPU.ActiveCfg = Debug|Any CPU
		{81DDED9D-158B-E303-5F62-77A2896D2A5A}.Debug|Any CPU.Build.0 = Debug|Any CPU
		{81DDED9D-158B-E303-5F62-77A2896D2A5A}.Release|Any CPU.ActiveCfg = Debug|Any CPU
		{81DDED9D-158B-E303-5F62-77A2896D2A5A}.Release|Any CPU.Build.0 = Debug|Any CPU
		{DF2348F5-3C6A-4428-878B-C3BB330C557E}.Debug|Any CPU.ActiveCfg = Debug|Any CPU
		{DF2348F5-3C6A-4428-878B-C3BB330C557E}.Debug|Any CPU.Build.0 = Debug|Any CPU
		{DF2348F5-3C6A-4428-878B-C3BB330C557E}.Release|Any CPU.ActiveCfg = Release|Any CPU
		{DF2348F5-3C6A-4428-878B-C3BB330C557E}.Release|Any CPU.Build.0 = Release|Any CPU
	EndGlobalSection
	GlobalSection(SolutionProperties) = preSolution
		HideSolutionNode = FALSE
	EndGlobalSection
	GlobalSection(NestedProjects) = preSolution
		{1C62364B-4307-4E91-AFCF-3263E22EA881} = {E41F8AE4-287C-48D1-BC44-D012C42B12EE}
		{3E92D07E-67F7-4795-BE52-FCA12FDA47CF} = {E41F8AE4-287C-48D1-BC44-D012C42B12EE}
		{913201A8-546D-40C5-978F-9D51272A3921} = {3E92D07E-67F7-4795-BE52-FCA12FDA47CF}
		{E097F6EC-319D-48D8-86F8-DF6202C4DA1D} = {3E92D07E-67F7-4795-BE52-FCA12FDA47CF}
		{BA03E516-122D-42EA-B234-F7C8D3222FF2} = {3E92D07E-67F7-4795-BE52-FCA12FDA47CF}
		{942E19BA-8C58-418A-AC97-C94E8DC1F131} = {913201A8-546D-40C5-978F-9D51272A3921}
		{C0D26272-F9A7-4FAA-959C-5C2AB254F73B} = {E097F6EC-319D-48D8-86F8-DF6202C4DA1D}
		{33CDA698-5BFD-4E89-ACF4-64483D4BB9C2} = {E097F6EC-319D-48D8-86F8-DF6202C4DA1D}
		{8F280AF0-70ED-41A7-8563-4BA5073B6181} = {BA03E516-122D-42EA-B234-F7C8D3222FF2}
		{EF9B39DE-AD8A-838A-EDAA-35C8977A7EE6} = {02EA681E-C7D8-13C7-8484-4AC65E1B71E8}
		{4EC1144E-CD29-42DB-865C-53546C2D5E52} = {E41F8AE4-287C-48D1-BC44-D012C42B12EE}
		{EA8254C9-77FB-4D80-BD62-9ECB8DEEF1FD} = {4EC1144E-CD29-42DB-865C-53546C2D5E52}
		{96241DC8-4349-4F08-8BB7-C8F546005ED7} = {913201A8-546D-40C5-978F-9D51272A3921}
		{B8ED569F-5C0F-46BB-AFDC-8C75D39244F9} = {CC4BBCC9-CDFE-4123-A44E-36215E3DD5D2}
		{99387F58-9EF4-41D9-9652-F3F6E4366498} = {E41F8AE4-287C-48D1-BC44-D012C42B12EE}
		{2360D3D2-9149-47DC-9AC2-05B089AE48DC} = {99387F58-9EF4-41D9-9652-F3F6E4366498}
		{120DFDBE-7243-41C9-AFBA-38B216863778} = {E41F8AE4-287C-48D1-BC44-D012C42B12EE}
		{B4C8A166-A9EE-4162-A1B5-0BD007D457D7} = {120DFDBE-7243-41C9-AFBA-38B216863778}
		{F957D20E-7581-4B26-A257-D8987B84C98C} = {E41F8AE4-287C-48D1-BC44-D012C42B12EE}
		{A2E2A168-10DB-B4AE-6DFD-E77E57CD005B} = {F957D20E-7581-4B26-A257-D8987B84C98C}
		{2F53B5F9-20A7-A44C-888C-916DACD995FE} = {1C62364B-4307-4E91-AFCF-3263E22EA881}
		{DF2348F5-3C6A-4428-878B-C3BB330C557E} = {02EA681E-C7D8-13C7-8484-4AC65E1B71E8}
	EndGlobalSection
	GlobalSection(ExtensibilityGlobals) = postSolution
		SolutionGuid = {62AF2AB9-96F8-444A-A34C-D5473A2E02F3}
	EndGlobalSection
EndGlobal
